{
  "version": 4,
  "terraform_version": "1.9.8",
  "serial": 103,
  "lineage": "743d4f77-9719-f18f-c299-e98a65beb9dd",
  "outputs": {
    "s3_event_queue_url": {
      "value": "https://sqs.eu-west-3.amazonaws.com/302263080696/s3-event-queue-5ff2c06d",
      "type": "string"
    },
    "sftp_destination_bucket_name": {
      "value": "sftp-destination-bucket-5ff2c06d",
      "type": "string"
    },
    "sftp_host": {
      "value": "s-829e00432a5544be8.server.transfer.eu-west-3.amazonaws.com",
      "type": "string"
    },
    "sftp_private_key": {
      "value": "-----BEGIN RSA PRIVATE KEY-----\nMIIJKAIBAAKCAgEA7zkXv9OZASWxolqbdKqHSXJcD/rtrM4ga7PVPDwFRWLDTQ4E\nzIwo8Smf/Me5DTK6I3Ip4mDXSWi7War1OqxTKHgBPsndjhb+nwmn9lz2bp67c9Qz\nCD7YlaKvWGNvB0dWEgjJ1/TBY+YMMz7bSByoXVQiYeCyyTXbKlFBiW9hHF98aKZR\ncGnw1Tb3qGfBRUiFQ6aE63geRq6QlVqYKtzERp2qQEQG8mGjQNaQqmV4voWyN/J9\nWSpdCYRTMpbknR3O9SUhJWBtJL1eZhIHHZPH1jrjEvKgpDNYbzx4cuNZTvl+1U5G\ngk6DIyj7tlzVU++MqZcE0WWEN14RHhu0g3QmXU7BcIaLv6+f0GEW04CphiAgR0aU\nYXI68AH5PuSj8ZeFrs46gymByFs3/Iv4PGnSWXE6K9bRG1VsBHrKK6DRSJOkYb7j\nWGbAXIYSZbRmn5K1MHn91gVdafxijDRVfmsnIswa1TELvCxxrNXpATnFP/9hMR8Y\nO6Ec06CQebQAu9AWSxkGohux+f1GS6UxDXIg6vQhOfXUlN+GVUTwYrzuTm9PtGIt\nMnTuFUFEEuQ4rWgBC8jFzMAtAsQPOyUrDv4eaYRYYidyPOzo0cX5D5PA+MCCGfea\n0LGqpwkvS+IK++/9rIPQpg2RXq7zWDS5LwqpHy/2nMKirTKpy40+kFMnu0UCAwEA\nAQKCAgA5MteA4GE3KwIcJboB3TxXzWZB0+e8Z9TMq8USj+9atdCove9b0S+A6kj8\nseyHQVfMXeGx5SHUxZv2RrA4BTgk9vylPLMi5FChSjfE6llp/b4oZdaF5DD5Jlry\nsWO8w8vKqBtK7ZTIBBtqrV7VETUYi6Nk78sP3Ta4GZGoAN+hXxtqEkpqrIoPEQOK\nWrSVkk9663fgrWnf0KF1dKHprbuofs5Ua2+VyM62FBenBngmZeVFB0/9X+m6+s7B\ny96ByrzPVL9mJnYyUK0fjrPw2ILxsEbXIvhSCozcnALYxY93GKTA7+RgB9HHOGdn\nJS9E0IQ7kIZwYuuIKY/COTGiNMVvF6vlHgMVtgipjrtbMES9g9V2fBXt/AB0pxis\nuX8Q3/ZKxFWMfd2cZ1YnBt3rSPWyOZAZCuLSqRTUuAkx9pRzEyNzdglV/2wclT2g\n81kQPBRtsI9Jj0ybdn+oMb2nNhD0+ilkvgNxLkF0MnQi7NxgEkLuHu61qRdq05M3\niL7Nz0j1pD+Tqtb4JffBkdmAsh8w9/9hI83yVrlpcA5b4bT+/Cyx4hMzgmmXDcRd\nawe9xb/sFoRTd9de/M8ScbqNIBngRyvB6aKXOOSYHHh6IIMiyBM3l7wcJqizbPxB\nVZU8whyZbZh9/VpQwVCiPYr5ZMjq91NxsCJ+Xmmbv/aZU3tqiQKCAQEA9+6lFCno\nuZZBdQei/AcpM0AJ4kaDczFFrR4PqcbjfASX7taj1Q5gbjQoL03vB1ujtuhe9RLs\nP3rhDlYLOtuLx2fy2sGzayAfzrCFyOVXEPYkTewFuSvIt/CGurWqE4GN2mTKJBB0\nf5A3g4NmthIW7XJTtbzwLJ+kAsX/w/IYTYQHle+KTqpLMwWAdyGkuIEGbWqjiLPU\ncxZn8vJTxCEZJYBwxcV7Z0G2MSsPST64IVYRE/SkX8eQkvUcIczzx2ND9EKFQgO0\nomzq0C0AYv5utagEjD1YpSzSicanNY/aF6M/uJ3VkV5XHbTazLtUGeaS7GO/GY7Y\nCgEjlo0ABbPFWwKCAQEA9wHlyJKX+u6sofCkBsaJWjgxV69uJ5QxJrtMNXnJJhJQ\nG2gr/g8w0nmD1jq363tlQ5wn/kT4nrDGKH5JxGF4DwNPNLE2iGIfvsNe15LeXQKO\nOxVn5RrgYBG4V4PpD+zC3YuVwtdqzgBs/dTV7pZswo1C/zfd1lzGW4cNTDEqfAYk\nlTROCGNZfvD6mJ/7b+GlvYBtqZ9LmnqTecrkZY8Etz1fy8O7Rk/Y+s3Hhyg2E6Lg\n/BrOECsLVNinpG8EdkxPiBzFpG9mjBifWq87L6DdLXx6dtaohjh2RXNSiMJStAfE\nfL/wks4ABpYHz1ocbEMfr0KaKb6LqRFO1hRQ2ThD3wKCAQBTSdgq7elAbzmOFwKp\np74veVPYr9d42xSNE4wvfKDvCJwBoBlpeWrrmpnlSkkCL8bPq0A7FCBJMv5n0n/z\nRc2vLzxmQKwFUMVeqe5HjsOw7v9DLga+Lfc/041vK5f29Y6xzyoY824vbEM56uqW\nP310RvPYGaCVXQu74sgJC0sevzvNIqtTweGBQlflrWeok6+VEj3drouwHdbNxppd\nSMEp1/wKdE0AYxLRcaWw9WDl0gPqsESH6IKo266XrEI4uSAa7j3V72i/J9e6F2QJ\n3W9Tlx3v/qvI0UXpAtMpKyoYxr6hRmR4cTjSwe6+2C9ohAzXXKrV6yaoNbm+2Z8o\nSzwBAoIBAQCTFZUv72MCsHcp4zK5OiX2DDoNndA5TzxJdQR3X3LQ8dyzxT9VBNSs\nsGE6AzMbzRnKvcTu20E0tcz5teHVR7kHL5BNryzq34tJu+rQ8Yrp1ai+NAvu2Cc9\n7a9YpZr1uaV76S+fm0jlLEm6iK9vaDGRVC7N7QVzLUGMpQndEfXbbokAM+o3gnl7\nZqHCmplN0Q8xnbUvaUTK0yzYPGHuu9AyESDnJEFzJ/7rsfebWu2Amd/hH1EPPaJ8\nvpptBxKgIubFBWUHerKUv+C8TlYvEVpDSLlf5Ijri9mZl4dRGm3G+E0ff+gQcwx+\n3339EgqUyQ+n/D/ylZ1yanUIc4aFIsT/AoIBAB1NZFxFEl2EvpMD+5yN9VImCP/M\nC0BubFkYbOmu8lnSEdmE8jVgzwilNYx3RYADxocOSklHRN0vfwXuJwHWaOJeZqC6\nyBR50y+QUlbOulyLIMhRpUyDzm7sn+AduBW3Myrm/boflrCcygsHwkEa49HY/4xP\nMT3vgr3eWoQG0GUuFwjbc9oT9GY9nYMiViIUZL/ew8qGneIAQQ+yekvuNbAD90ES\nkHy0y3P3XdM5QN3Htx1gW/NxqAGRnz6b2B87IKgFfInwlyyYdJa4FIM/PDG5u4hC\nHnrXmW5M3DFVOLa1ZM/zWyTUGZ0ulH7/70P28yNF2EeBM8A/qqKaUyn7hEQ=\n-----END RSA PRIVATE KEY-----\n",
      "type": "string",
      "sensitive": true
    }
  },
  "resources": [
    {
      "mode": "data",
      "type": "aws_iam_policy_document",
      "name": "assume_role",
      "provider": "provider[\"registry.terraform.io/hashicorp/aws\"]",
      "instances": [
        {
          "schema_version": 0,
          "attributes": {
            "id": "3448115094",
            "json": "{\n  \"Version\": \"2012-10-17\",\n  \"Statement\": [\n    {\n      \"Sid\": \"\",\n      \"Effect\": \"Allow\",\n      \"Action\": \"sts:AssumeRole\",\n      \"Principal\": {\n        \"Service\": \"transfer.amazonaws.com\"\n      }\n    }\n  ]\n}",
            "override_json": null,
            "override_policy_documents": null,
            "policy_id": null,
            "source_json": null,
            "source_policy_documents": null,
            "statement": [
              {
                "actions": [
                  "sts:AssumeRole"
                ],
                "condition": [],
                "effect": "Allow",
                "not_actions": [],
                "not_principals": [],
                "not_resources": [],
                "principals": [
                  {
                    "identifiers": [
                      "transfer.amazonaws.com"
                    ],
                    "type": "Service"
                  }
                ],
                "resources": [],
                "sid": ""
              }
            ],
            "version": "2012-10-17"
          },
          "sensitive_attributes": []
        }
      ]
    },
    {
      "mode": "data",
      "type": "aws_iam_policy_document",
      "name": "sftp_source_policy",
      "provider": "provider[\"registry.terraform.io/hashicorp/aws\"]",
      "instances": [
        {
          "schema_version": 0,
          "attributes": {
            "id": "3060983226",
            "json": "{\n  \"Version\": \"2012-10-17\",\n  \"Statement\": [\n    {\n      \"Sid\": \"\",\n      \"Effect\": \"Allow\",\n      \"Action\": [\n        \"s3:PutObject\",\n        \"s3:ListBucket\",\n        \"s3:GetObject\"\n      ],\n      \"Resource\": [\n        \"arn:aws:s3:::sftp-source-bucket-5ff2c06d/*\",\n        \"arn:aws:s3:::sftp-source-bucket-5ff2c06d\"\n      ]\n    }\n  ]\n}",
            "override_json": null,
            "override_policy_documents": null,
            "policy_id": null,
            "source_json": null,
            "source_policy_documents": null,
            "statement": [
              {
                "actions": [
                  "s3:GetObject",
                  "s3:ListBucket",
                  "s3:PutObject"
                ],
                "condition": [],
                "effect": "Allow",
                "not_actions": [],
                "not_principals": [],
                "not_resources": [],
                "principals": [],
                "resources": [
                  "arn:aws:s3:::sftp-source-bucket-5ff2c06d",
                  "arn:aws:s3:::sftp-source-bucket-5ff2c06d/*"
                ],
                "sid": ""
              }
            ],
            "version": "2012-10-17"
          },
          "sensitive_attributes": []
        }
      ]
    },
    {
      "mode": "managed",
      "type": "aws_ecs_cluster",
      "name": "app_cluster",
      "provider": "provider[\"registry.terraform.io/hashicorp/aws\"]",
      "instances": [
        {
          "schema_version": 0,
          "attributes": {
            "arn": "arn:aws:ecs:eu-west-3:302263080696:cluster/app-cluster",
            "capacity_providers": [],
            "configuration": [],
            "default_capacity_provider_strategy": [],
            "id": "arn:aws:ecs:eu-west-3:302263080696:cluster/app-cluster",
            "name": "app-cluster",
            "service_connect_defaults": [],
            "setting": [
              {
                "name": "containerInsights",
                "value": "disabled"
              }
            ],
            "tags": {},
            "tags_all": {}
          },
          "sensitive_attributes": [],
          "private": "bnVsbA=="
        }
      ]
    },
    {
      "mode": "managed",
      "type": "aws_ecs_service",
      "name": "app_service",
      "provider": "provider[\"registry.terraform.io/hashicorp/aws\"]",
      "instances": [
        {
          "schema_version": 0,
          "attributes": {
            "alarms": [],
            "capacity_provider_strategy": [],
            "cluster": "arn:aws:ecs:eu-west-3:302263080696:cluster/app-cluster",
            "deployment_circuit_breaker": [
              {
                "enable": false,
                "rollback": false
              }
            ],
            "deployment_controller": [
              {
                "type": "ECS"
              }
            ],
            "deployment_maximum_percent": 200,
            "deployment_minimum_healthy_percent": 100,
            "desired_count": 1,
            "enable_ecs_managed_tags": false,
            "enable_execute_command": false,
            "force_new_deployment": null,
            "health_check_grace_period_seconds": 0,
            "iam_role": "/aws-service-role/ecs.amazonaws.com/AWSServiceRoleForECS",
            "id": "arn:aws:ecs:eu-west-3:302263080696:service/app-cluster/app-service",
            "launch_type": "FARGATE",
            "load_balancer": [],
            "name": "app-service",
            "network_configuration": [
              {
                "assign_public_ip": true,
                "security_groups": [
                  "sg-04df30fe537ed2453"
                ],
                "subnets": [
                  "subnet-0985f0fe5c199cbd2"
                ]
              }
            ],
            "ordered_placement_strategy": [],
            "placement_constraints": [],
            "platform_version": "LATEST",
            "propagate_tags": "NONE",
            "scheduling_strategy": "REPLICA",
            "service_connect_configuration": [],
            "service_registries": [],
            "tags": null,
            "tags_all": {},
            "task_definition": "arn:aws:ecs:eu-west-3:302263080696:task-definition/app-task:2",
            "timeouts": null,
            "triggers": {},
            "wait_for_steady_state": false
          },
          "sensitive_attributes": [],
          "private": "eyJlMmJmYjczMC1lY2FhLTExZTYtOGY4OC0zNDM2M2JjN2M0YzAiOnsiY3JlYXRlIjoxMjAwMDAwMDAwMDAwLCJkZWxldGUiOjEyMDAwMDAwMDAwMDAsInVwZGF0ZSI6MTIwMDAwMDAwMDAwMH19",
          "dependencies": [
            "aws_ecs_cluster.app_cluster",
            "aws_ecs_task_definition.app_task",
            "aws_iam_role.ecs_task_execution_role",
            "aws_s3_bucket.sftp_destination_bucket",
            "aws_security_group.ecs_security_group",
            "aws_sqs_queue.s3_event_queue",
            "aws_subnet.public_subnet",
            "aws_vpc.app_vpc",
            "random_id.bucket_suffix"
          ]
        }
      ]
    },
    {
      "mode": "managed",
      "type": "aws_ecs_task_definition",
      "name": "app_task",
      "provider": "provider[\"registry.terraform.io/hashicorp/aws\"]",
      "instances": [
        {
          "schema_version": 1,
          "attributes": {
            "arn": "arn:aws:ecs:eu-west-3:302263080696:task-definition/app-task:2",
            "arn_without_revision": "arn:aws:ecs:eu-west-3:302263080696:task-definition/app-task",
            "container_definitions": "[{\"cpu\":256,\"environment\":[{\"name\":\"AWS_ACCESS_KEY_ID\",\"value\":\"AKIAUMYCIS34EANSTDHO\"},{\"name\":\"AWS_REGION\",\"value\":\"eu-west-3\"},{\"name\":\"AWS_SECRET_ACCESS_KEY\",\"value\":\"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\"},{\"name\":\"BUCKET_NAME\",\"value\":\"sftp-destination-bucket-5ff2c06d\"},{\"name\":\"S3_EVENT_QUEUE_URL\",\"value\":\"https://sqs.eu-west-3.amazonaws.com/302263080696/s3-event-queue-5ff2c06d\"}],\"essential\":true,\"image\":\"pbell37/poc-aws-sftp:latest\",\"memory\":512,\"mountPoints\":[],\"name\":\"app-container\",\"portMappings\":[{\"containerPort\":3000,\"hostPort\":3000,\"protocol\":\"tcp\"}],\"systemControls\":[],\"volumesFrom\":[]}]",
            "cpu": "256",
            "ephemeral_storage": [],
            "execution_role_arn": "arn:aws:iam::302263080696:role/ecs-task-execution-role",
            "family": "app-task",
            "id": "app-task",
            "inference_accelerator": [],
            "ipc_mode": "",
            "memory": "512",
            "network_mode": "awsvpc",
            "pid_mode": "",
            "placement_constraints": [],
            "proxy_configuration": [],
            "requires_compatibilities": [
              "FARGATE"
            ],
            "revision": 2,
            "runtime_platform": [],
            "skip_destroy": false,
            "tags": null,
            "tags_all": {},
            "task_role_arn": "",
            "volume": []
          },
          "sensitive_attributes": [],
          "private": "eyJzY2hlbWFfdmVyc2lvbiI6IjEifQ==",
          "dependencies": [
            "aws_iam_role.ecs_task_execution_role",
            "aws_s3_bucket.sftp_destination_bucket",
            "aws_sqs_queue.s3_event_queue",
            "random_id.bucket_suffix"
          ]
        }
      ]
    },
    {
      "mode": "managed",
      "type": "aws_iam_role",
      "name": "ecs_task_execution_role",
      "provider": "provider[\"registry.terraform.io/hashicorp/aws\"]",
      "instances": [
        {
          "schema_version": 0,
          "attributes": {
            "arn": "arn:aws:iam::302263080696:role/ecs-task-execution-role",
            "assume_role_policy": "{\"Statement\":[{\"Action\":\"sts:AssumeRole\",\"Effect\":\"Allow\",\"Principal\":{\"Service\":\"ecs-tasks.amazonaws.com\"}}],\"Version\":\"2012-10-17\"}",
            "create_date": "2024-11-10T17:14:21Z",
            "description": "",
            "force_detach_policies": false,
            "id": "ecs-task-execution-role",
            "inline_policy": [],
            "managed_policy_arns": [
              "arn:aws:iam::aws:policy/service-role/AmazonECSTaskExecutionRolePolicy"
            ],
            "max_session_duration": 3600,
            "name": "ecs-task-execution-role",
            "name_prefix": "",
            "path": "/",
            "permissions_boundary": null,
            "role_last_used": [
              {
                "last_used_date": "",
                "region": ""
              }
            ],
            "tags": {},
            "tags_all": {},
            "unique_id": "AROAUMYCIS34F4AMWGPGH"
          },
          "sensitive_attributes": [],
          "private": "bnVsbA=="
        }
      ]
    },
    {
      "mode": "managed",
      "type": "aws_iam_role",
      "name": "sftp_access_role",
      "provider": "provider[\"registry.terraform.io/hashicorp/aws\"]",
      "instances": [
        {
          "schema_version": 0,
          "attributes": {
            "arn": "arn:aws:iam::302263080696:role/SftpAccessRole",
            "assume_role_policy": "{\"Statement\":[{\"Action\":\"sts:AssumeRole\",\"Effect\":\"Allow\",\"Principal\":{\"Service\":\"transfer.amazonaws.com\"},\"Sid\":\"\"}],\"Version\":\"2012-10-17\"}",
            "create_date": "2024-11-10T00:00:24Z",
            "description": "",
            "force_detach_policies": false,
            "id": "SftpAccessRole",
            "inline_policy": [
              {
                "name": "SftpSourcePolicy",
                "policy": "{\"Version\":\"2012-10-17\",\"Statement\":[{\"Action\":[\"s3:PutObject\",\"s3:ListBucket\",\"s3:GetObject\"],\"Effect\":\"Allow\",\"Resource\":[\"arn:aws:s3:::sftp-source-bucket-5ff2c06d/*\",\"arn:aws:s3:::sftp-source-bucket-5ff2c06d\"],\"Sid\":\"\"}]}"
              }
            ],
            "managed_policy_arns": [],
            "max_session_duration": 3600,
            "name": "SftpAccessRole",
            "name_prefix": "",
            "path": "/",
            "permissions_boundary": null,
            "role_last_used": [
              {
                "last_used_date": "2024-11-10T17:07:59Z",
                "region": "eu-west-3"
              }
            ],
            "tags": {},
            "tags_all": {},
            "unique_id": "AROAUMYCIS34DMPXQFYM3"
          },
          "sensitive_attributes": [],
          "private": "bnVsbA==",
          "dependencies": [
            "data.aws_iam_policy_document.assume_role"
          ]
        }
      ]
    },
    {
      "mode": "managed",
      "type": "aws_iam_role_policy",
      "name": "sftp_source_policy_attachment",
      "provider": "provider[\"registry.terraform.io/hashicorp/aws\"]",
      "instances": [
        {
          "schema_version": 0,
          "attributes": {
            "id": "SftpAccessRole:SftpSourcePolicy",
            "name": "SftpSourcePolicy",
            "name_prefix": null,
            "policy": "{\"Version\":\"2012-10-17\",\"Statement\":[{\"Action\":[\"s3:PutObject\",\"s3:ListBucket\",\"s3:GetObject\"],\"Effect\":\"Allow\",\"Resource\":[\"arn:aws:s3:::sftp-source-bucket-5ff2c06d/*\",\"arn:aws:s3:::sftp-source-bucket-5ff2c06d\"],\"Sid\":\"\"}]}",
            "role": "SftpAccessRole"
          },
          "sensitive_attributes": [],
          "private": "bnVsbA==",
          "dependencies": [
            "aws_iam_role.sftp_access_role",
            "aws_s3_bucket.sftp_source_bucket",
            "data.aws_iam_policy_document.assume_role",
            "data.aws_iam_policy_document.sftp_source_policy",
            "random_id.bucket_suffix"
          ]
        }
      ]
    },
    {
      "mode": "managed",
      "type": "aws_iam_role_policy_attachment",
      "name": "ecs_task_execution_role_policy",
      "provider": "provider[\"registry.terraform.io/hashicorp/aws\"]",
      "instances": [
        {
          "schema_version": 0,
          "attributes": {
            "id": "ecs-task-execution-role-20241110171422360300000001",
            "policy_arn": "arn:aws:iam::aws:policy/service-role/AmazonECSTaskExecutionRolePolicy",
            "role": "ecs-task-execution-role"
          },
          "sensitive_attributes": [],
          "private": "bnVsbA==",
          "dependencies": [
            "aws_iam_role.ecs_task_execution_role"
          ]
        }
      ]
    },
    {
      "mode": "managed",
      "type": "aws_internet_gateway",
      "name": "app_igw",
      "provider": "provider[\"registry.terraform.io/hashicorp/aws\"]",
      "instances": [
        {
          "schema_version": 0,
          "attributes": {
            "arn": "arn:aws:ec2:eu-west-3:302263080696:internet-gateway/igw-0f87e63b0686c1136",
            "id": "igw-0f87e63b0686c1136",
            "owner_id": "302263080696",
            "tags": {
              "Name": "app-igw"
            },
            "tags_all": {
              "Name": "app-igw"
            },
            "timeouts": null,
            "vpc_id": "vpc-009c1bc51c87857f4"
          },
          "sensitive_attributes": [],
          "private": "eyJlMmJmYjczMC1lY2FhLTExZTYtOGY4OC0zNDM2M2JjN2M0YzAiOnsiY3JlYXRlIjoxMjAwMDAwMDAwMDAwLCJkZWxldGUiOjEyMDAwMDAwMDAwMDAsInVwZGF0ZSI6MTIwMDAwMDAwMDAwMH19",
          "dependencies": [
            "aws_vpc.app_vpc"
          ]
        }
      ]
    },
    {
      "mode": "managed",
      "type": "aws_route_table",
      "name": "public_route_table",
      "provider": "provider[\"registry.terraform.io/hashicorp/aws\"]",
      "instances": [
        {
          "schema_version": 0,
          "attributes": {
            "arn": "arn:aws:ec2:eu-west-3:302263080696:route-table/rtb-09b8a36dffe94d95f",
            "id": "rtb-09b8a36dffe94d95f",
            "owner_id": "302263080696",
            "propagating_vgws": [],
            "route": [
              {
                "carrier_gateway_id": "",
                "cidr_block": "0.0.0.0/0",
                "core_network_arn": "",
                "destination_prefix_list_id": "",
                "egress_only_gateway_id": "",
                "gateway_id": "igw-0f87e63b0686c1136",
                "instance_id": "",
                "ipv6_cidr_block": "",
                "local_gateway_id": "",
                "nat_gateway_id": "",
                "network_interface_id": "",
                "transit_gateway_id": "",
                "vpc_endpoint_id": "",
                "vpc_peering_connection_id": ""
              }
            ],
            "tags": {
              "Name": "app-public-route-table"
            },
            "tags_all": {
              "Name": "app-public-route-table"
            },
            "timeouts": null,
            "vpc_id": "vpc-009c1bc51c87857f4"
          },
          "sensitive_attributes": [],
          "private": "eyJlMmJmYjczMC1lY2FhLTExZTYtOGY4OC0zNDM2M2JjN2M0YzAiOnsiY3JlYXRlIjozMDAwMDAwMDAwMDAsImRlbGV0ZSI6MzAwMDAwMDAwMDAwLCJ1cGRhdGUiOjEyMDAwMDAwMDAwMH19",
          "dependencies": [
            "aws_internet_gateway.app_igw",
            "aws_vpc.app_vpc"
          ]
        }
      ]
    },
    {
      "mode": "managed",
      "type": "aws_route_table_association",
      "name": "public_route_table_assoc",
      "provider": "provider[\"registry.terraform.io/hashicorp/aws\"]",
      "instances": [
        {
          "schema_version": 0,
          "attributes": {
            "gateway_id": "",
            "id": "rtbassoc-0f03d0d34f36c01eb",
            "route_table_id": "rtb-09b8a36dffe94d95f",
            "subnet_id": "subnet-0985f0fe5c199cbd2",
            "timeouts": null
          },
          "sensitive_attributes": [],
          "private": "eyJlMmJmYjczMC1lY2FhLTExZTYtOGY4OC0zNDM2M2JjN2M0YzAiOnsiY3JlYXRlIjozMDAwMDAwMDAwMDAsImRlbGV0ZSI6MzAwMDAwMDAwMDAwLCJ1cGRhdGUiOjEyMDAwMDAwMDAwMH19",
          "dependencies": [
            "aws_internet_gateway.app_igw",
            "aws_route_table.public_route_table",
            "aws_subnet.public_subnet",
            "aws_vpc.app_vpc"
          ]
        }
      ]
    },
    {
      "mode": "managed",
      "type": "aws_s3_bucket",
      "name": "sftp_destination_bucket",
      "provider": "provider[\"registry.terraform.io/hashicorp/aws\"]",
      "instances": [
        {
          "schema_version": 0,
          "attributes": {
            "acceleration_status": "",
            "acl": null,
            "arn": "arn:aws:s3:::sftp-destination-bucket-5ff2c06d",
            "bucket": "sftp-destination-bucket-5ff2c06d",
            "bucket_domain_name": "sftp-destination-bucket-5ff2c06d.s3.amazonaws.com",
            "bucket_prefix": "",
            "bucket_regional_domain_name": "sftp-destination-bucket-5ff2c06d.s3.eu-west-3.amazonaws.com",
            "cors_rule": [],
            "force_destroy": false,
            "grant": [
              {
                "id": "bbd9661b23f77263e66276312f2cd48d552ff4dbe2ed7a37ef42ba824380015d",
                "permissions": [
                  "FULL_CONTROL"
                ],
                "type": "CanonicalUser",
                "uri": ""
              }
            ],
            "hosted_zone_id": "Z3R1K369G5AVDG",
            "id": "sftp-destination-bucket-5ff2c06d",
            "lifecycle_rule": [],
            "logging": [],
            "object_lock_configuration": [],
            "object_lock_enabled": false,
            "policy": "",
            "region": "eu-west-3",
            "replication_configuration": [],
            "request_payer": "BucketOwner",
            "server_side_encryption_configuration": [
              {
                "rule": [
                  {
                    "apply_server_side_encryption_by_default": [
                      {
                        "kms_master_key_id": "",
                        "sse_algorithm": "AES256"
                      }
                    ],
                    "bucket_key_enabled": false
                  }
                ]
              }
            ],
            "tags": {},
            "tags_all": {},
            "timeouts": null,
            "versioning": [
              {
                "enabled": true,
                "mfa_delete": false
              }
            ],
            "website": [],
            "website_domain": null,
            "website_endpoint": null
          },
          "sensitive_attributes": [],
          "private": "eyJlMmJmYjczMC1lY2FhLTExZTYtOGY4OC0zNDM2M2JjN2M0YzAiOnsiY3JlYXRlIjoxMjAwMDAwMDAwMDAwLCJkZWxldGUiOjM2MDAwMDAwMDAwMDAsInJlYWQiOjEyMDAwMDAwMDAwMDAsInVwZGF0ZSI6MTIwMDAwMDAwMDAwMH19",
          "dependencies": [
            "random_id.bucket_suffix"
          ]
        }
      ]
    },
    {
      "mode": "managed",
      "type": "aws_s3_bucket",
      "name": "sftp_source_bucket",
      "provider": "provider[\"registry.terraform.io/hashicorp/aws\"]",
      "instances": [
        {
          "schema_version": 0,
          "attributes": {
            "acceleration_status": "",
            "acl": null,
            "arn": "arn:aws:s3:::sftp-source-bucket-5ff2c06d",
            "bucket": "sftp-source-bucket-5ff2c06d",
            "bucket_domain_name": "sftp-source-bucket-5ff2c06d.s3.amazonaws.com",
            "bucket_prefix": "",
            "bucket_regional_domain_name": "sftp-source-bucket-5ff2c06d.s3.eu-west-3.amazonaws.com",
            "cors_rule": [],
            "force_destroy": false,
            "grant": [
              {
                "id": "bbd9661b23f77263e66276312f2cd48d552ff4dbe2ed7a37ef42ba824380015d",
                "permissions": [
                  "FULL_CONTROL"
                ],
                "type": "CanonicalUser",
                "uri": ""
              }
            ],
            "hosted_zone_id": "Z3R1K369G5AVDG",
            "id": "sftp-source-bucket-5ff2c06d",
            "lifecycle_rule": [],
            "logging": [],
            "object_lock_configuration": [],
            "object_lock_enabled": false,
            "policy": "",
            "region": "eu-west-3",
            "replication_configuration": [],
            "request_payer": "BucketOwner",
            "server_side_encryption_configuration": [
              {
                "rule": [
                  {
                    "apply_server_side_encryption_by_default": [
                      {
                        "kms_master_key_id": "",
                        "sse_algorithm": "AES256"
                      }
                    ],
                    "bucket_key_enabled": false
                  }
                ]
              }
            ],
            "tags": {},
            "tags_all": {},
            "timeouts": null,
            "versioning": [
              {
                "enabled": false,
                "mfa_delete": false
              }
            ],
            "website": [],
            "website_domain": null,
            "website_endpoint": null
          },
          "sensitive_attributes": [],
          "private": "eyJlMmJmYjczMC1lY2FhLTExZTYtOGY4OC0zNDM2M2JjN2M0YzAiOnsiY3JlYXRlIjoxMjAwMDAwMDAwMDAwLCJkZWxldGUiOjM2MDAwMDAwMDAwMDAsInJlYWQiOjEyMDAwMDAwMDAwMDAsInVwZGF0ZSI6MTIwMDAwMDAwMDAwMH19",
          "dependencies": [
            "random_id.bucket_suffix"
          ]
        }
      ]
    },
    {
      "mode": "managed",
      "type": "aws_s3_bucket_acl",
      "name": "destination_bucket_acl",
      "provider": "provider[\"registry.terraform.io/hashicorp/aws\"]",
      "instances": [
        {
          "schema_version": 0,
          "attributes": {
            "access_control_policy": [
              {
                "grant": [
                  {
                    "grantee": [
                      {
                        "display_name": "",
                        "email_address": "",
                        "id": "bbd9661b23f77263e66276312f2cd48d552ff4dbe2ed7a37ef42ba824380015d",
                        "type": "CanonicalUser",
                        "uri": ""
                      }
                    ],
                    "permission": "FULL_CONTROL"
                  }
                ],
                "owner": [
                  {
                    "display_name": "",
                    "id": "bbd9661b23f77263e66276312f2cd48d552ff4dbe2ed7a37ef42ba824380015d"
                  }
                ]
              }
            ],
            "acl": "private",
            "bucket": "sftp-destination-bucket-5ff2c06d",
            "expected_bucket_owner": "",
            "id": "sftp-destination-bucket-5ff2c06d,private"
          },
          "sensitive_attributes": [],
          "private": "bnVsbA==",
          "dependencies": [
            "aws_s3_bucket.sftp_destination_bucket",
            "aws_s3_bucket_ownership_controls.destination_bucket_ownership_controls",
            "random_id.bucket_suffix"
          ]
        }
      ]
    },
    {
      "mode": "managed",
      "type": "aws_s3_bucket_notification",
      "name": "clearing_files_notification",
      "provider": "provider[\"registry.terraform.io/hashicorp/aws\"]",
      "instances": [
        {
          "schema_version": 0,
          "attributes": {
            "bucket": "sftp-destination-bucket-5ff2c06d",
            "eventbridge": false,
            "id": "sftp-destination-bucket-5ff2c06d",
            "lambda_function": [],
            "queue": [
              {
                "events": [
                  "s3:ObjectCreated:*"
                ],
                "filter_prefix": "outgoing/clearing_files/",
                "filter_suffix": ".json",
                "id": "tf-s3-queue-20241110171446636900000003",
                "queue_arn": "arn:aws:sqs:eu-west-3:302263080696:s3-event-queue-5ff2c06d"
              }
            ],
            "topic": []
          },
          "sensitive_attributes": [],
          "private": "bnVsbA==",
          "dependencies": [
            "aws_s3_bucket.sftp_destination_bucket",
            "aws_sqs_queue.s3_event_queue",
            "random_id.bucket_suffix"
          ]
        }
      ]
    },
    {
      "mode": "managed",
      "type": "aws_s3_bucket_ownership_controls",
      "name": "destination_bucket_ownership_controls",
      "provider": "provider[\"registry.terraform.io/hashicorp/aws\"]",
      "instances": [
        {
          "schema_version": 0,
          "attributes": {
            "bucket": "sftp-destination-bucket-5ff2c06d",
            "id": "sftp-destination-bucket-5ff2c06d",
            "rule": [
              {
                "object_ownership": "BucketOwnerPreferred"
              }
            ]
          },
          "sensitive_attributes": [],
          "private": "bnVsbA==",
          "dependencies": [
            "aws_s3_bucket.sftp_destination_bucket",
            "random_id.bucket_suffix"
          ]
        }
      ]
    },
    {
      "mode": "managed",
      "type": "aws_s3_bucket_versioning",
      "name": "destination_bucket_versioning",
      "provider": "provider[\"registry.terraform.io/hashicorp/aws\"]",
      "instances": [
        {
          "schema_version": 0,
          "attributes": {
            "bucket": "sftp-destination-bucket-5ff2c06d",
            "expected_bucket_owner": "",
            "id": "sftp-destination-bucket-5ff2c06d",
            "mfa": null,
            "versioning_configuration": [
              {
                "mfa_delete": "",
                "status": "Enabled"
              }
            ]
          },
          "sensitive_attributes": [],
          "private": "bnVsbA==",
          "dependencies": [
            "aws_s3_bucket.sftp_destination_bucket",
            "random_id.bucket_suffix"
          ]
        }
      ]
    },
    {
      "mode": "managed",
      "type": "aws_security_group",
      "name": "ecs_security_group",
      "provider": "provider[\"registry.terraform.io/hashicorp/aws\"]",
      "instances": [
        {
          "schema_version": 1,
          "attributes": {
            "arn": "arn:aws:ec2:eu-west-3:302263080696:security-group/sg-04df30fe537ed2453",
            "description": "Managed by Terraform",
            "egress": [
              {
                "cidr_blocks": [
                  "0.0.0.0/0"
                ],
                "description": "",
                "from_port": 0,
                "ipv6_cidr_blocks": [],
                "prefix_list_ids": [],
                "protocol": "-1",
                "security_groups": [],
                "self": false,
                "to_port": 0
              }
            ],
            "id": "sg-04df30fe537ed2453",
            "ingress": [
              {
                "cidr_blocks": [
                  "0.0.0.0/0"
                ],
                "description": "",
                "from_port": 3000,
                "ipv6_cidr_blocks": [],
                "prefix_list_ids": [],
                "protocol": "tcp",
                "security_groups": [],
                "self": false,
                "to_port": 3000
              }
            ],
            "name": "terraform-20241110171432961200000002",
            "name_prefix": "terraform-",
            "owner_id": "302263080696",
            "revoke_rules_on_delete": false,
            "tags": {
              "Name": "ecs-security-group"
            },
            "tags_all": {
              "Name": "ecs-security-group"
            },
            "timeouts": null,
            "vpc_id": "vpc-009c1bc51c87857f4"
          },
          "sensitive_attributes": [],
          "private": "eyJlMmJmYjczMC1lY2FhLTExZTYtOGY4OC0zNDM2M2JjN2M0YzAiOnsiY3JlYXRlIjo2MDAwMDAwMDAwMDAsImRlbGV0ZSI6OTAwMDAwMDAwMDAwfSwic2NoZW1hX3ZlcnNpb24iOiIxIn0=",
          "dependencies": [
            "aws_vpc.app_vpc"
          ]
        }
      ]
    },
    {
      "mode": "managed",
      "type": "aws_sqs_queue",
      "name": "s3_event_queue",
      "provider": "provider[\"registry.terraform.io/hashicorp/aws\"]",
      "instances": [
        {
          "schema_version": 0,
          "attributes": {
            "arn": "arn:aws:sqs:eu-west-3:302263080696:s3-event-queue-5ff2c06d",
            "content_based_deduplication": false,
            "deduplication_scope": "",
            "delay_seconds": 0,
            "fifo_queue": false,
            "fifo_throughput_limit": "",
            "id": "https://sqs.eu-west-3.amazonaws.com/302263080696/s3-event-queue-5ff2c06d",
            "kms_data_key_reuse_period_seconds": 300,
            "kms_master_key_id": "",
            "max_message_size": 262144,
            "message_retention_seconds": 345600,
            "name": "s3-event-queue-5ff2c06d",
            "name_prefix": "",
            "policy": "{\"Statement\":[{\"Action\":\"SQS:SendMessage\",\"Condition\":{\"ArnLike\":{\"aws:SourceArn\":\"arn:aws:s3:::sftp-destination-bucket-5ff2c06d\"}},\"Effect\":\"Allow\",\"Principal\":{\"Service\":\"s3.amazonaws.com\"},\"Resource\":\"arn:aws:sqs:eu-west-3:302263080696:s3-event-queue-5ff2c06d\"}],\"Version\":\"2012-10-17\"}",
            "receive_wait_time_seconds": 0,
            "redrive_allow_policy": "",
            "redrive_policy": "",
            "sqs_managed_sse_enabled": true,
            "tags": {},
            "tags_all": {},
            "url": "https://sqs.eu-west-3.amazonaws.com/302263080696/s3-event-queue-5ff2c06d",
            "visibility_timeout_seconds": 30
          },
          "sensitive_attributes": [],
          "private": "bnVsbA==",
          "dependencies": [
            "random_id.bucket_suffix"
          ]
        }
      ]
    },
    {
      "mode": "managed",
      "type": "aws_sqs_queue_policy",
      "name": "s3_event_queue_policy",
      "provider": "provider[\"registry.terraform.io/hashicorp/aws\"]",
      "instances": [
        {
          "schema_version": 1,
          "attributes": {
            "id": "https://sqs.eu-west-3.amazonaws.com/302263080696/s3-event-queue-5ff2c06d",
            "policy": "{\"Statement\":[{\"Action\":\"SQS:SendMessage\",\"Condition\":{\"ArnLike\":{\"aws:SourceArn\":\"arn:aws:s3:::sftp-destination-bucket-5ff2c06d\"}},\"Effect\":\"Allow\",\"Principal\":{\"Service\":\"s3.amazonaws.com\"},\"Resource\":\"arn:aws:sqs:eu-west-3:302263080696:s3-event-queue-5ff2c06d\"}],\"Version\":\"2012-10-17\"}",
            "queue_url": "https://sqs.eu-west-3.amazonaws.com/302263080696/s3-event-queue-5ff2c06d"
          },
          "sensitive_attributes": [],
          "private": "eyJzY2hlbWFfdmVyc2lvbiI6IjEifQ==",
          "dependencies": [
            "aws_s3_bucket.sftp_destination_bucket",
            "aws_sqs_queue.s3_event_queue",
            "random_id.bucket_suffix"
          ]
        }
      ]
    },
    {
      "mode": "managed",
      "type": "aws_subnet",
      "name": "private_subnet",
      "provider": "provider[\"registry.terraform.io/hashicorp/aws\"]",
      "instances": [
        {
          "schema_version": 1,
          "attributes": {
            "arn": "arn:aws:ec2:eu-west-3:302263080696:subnet/subnet-0a5f33b4ada9147f1",
            "assign_ipv6_address_on_creation": false,
            "availability_zone": "eu-west-3a",
            "availability_zone_id": "euw3-az1",
            "cidr_block": "10.0.2.0/24",
            "customer_owned_ipv4_pool": "",
            "enable_dns64": false,
            "enable_lni_at_device_index": 0,
            "enable_resource_name_dns_a_record_on_launch": false,
            "enable_resource_name_dns_aaaa_record_on_launch": false,
            "id": "subnet-0a5f33b4ada9147f1",
            "ipv6_cidr_block": "",
            "ipv6_cidr_block_association_id": "",
            "ipv6_native": false,
            "map_customer_owned_ip_on_launch": false,
            "map_public_ip_on_launch": false,
            "outpost_arn": "",
            "owner_id": "302263080696",
            "private_dns_hostname_type_on_launch": "ip-name",
            "tags": {
              "Name": "app-private-subnet"
            },
            "tags_all": {
              "Name": "app-private-subnet"
            },
            "timeouts": null,
            "vpc_id": "vpc-009c1bc51c87857f4"
          },
          "sensitive_attributes": [],
          "private": "eyJlMmJmYjczMC1lY2FhLTExZTYtOGY4OC0zNDM2M2JjN2M0YzAiOnsiY3JlYXRlIjo2MDAwMDAwMDAwMDAsImRlbGV0ZSI6MTIwMDAwMDAwMDAwMH0sInNjaGVtYV92ZXJzaW9uIjoiMSJ9",
          "dependencies": [
            "aws_vpc.app_vpc"
          ]
        }
      ]
    },
    {
      "mode": "managed",
      "type": "aws_subnet",
      "name": "public_subnet",
      "provider": "provider[\"registry.terraform.io/hashicorp/aws\"]",
      "instances": [
        {
          "schema_version": 1,
          "attributes": {
            "arn": "arn:aws:ec2:eu-west-3:302263080696:subnet/subnet-0985f0fe5c199cbd2",
            "assign_ipv6_address_on_creation": false,
            "availability_zone": "eu-west-3a",
            "availability_zone_id": "euw3-az1",
            "cidr_block": "10.0.1.0/24",
            "customer_owned_ipv4_pool": "",
            "enable_dns64": false,
            "enable_lni_at_device_index": 0,
            "enable_resource_name_dns_a_record_on_launch": false,
            "enable_resource_name_dns_aaaa_record_on_launch": false,
            "id": "subnet-0985f0fe5c199cbd2",
            "ipv6_cidr_block": "",
            "ipv6_cidr_block_association_id": "",
            "ipv6_native": false,
            "map_customer_owned_ip_on_launch": false,
            "map_public_ip_on_launch": true,
            "outpost_arn": "",
            "owner_id": "302263080696",
            "private_dns_hostname_type_on_launch": "ip-name",
            "tags": {
              "Name": "app-public-subnet"
            },
            "tags_all": {
              "Name": "app-public-subnet"
            },
            "timeouts": null,
            "vpc_id": "vpc-009c1bc51c87857f4"
          },
          "sensitive_attributes": [],
          "private": "eyJlMmJmYjczMC1lY2FhLTExZTYtOGY4OC0zNDM2M2JjN2M0YzAiOnsiY3JlYXRlIjo2MDAwMDAwMDAwMDAsImRlbGV0ZSI6MTIwMDAwMDAwMDAwMH0sInNjaGVtYV92ZXJzaW9uIjoiMSJ9",
          "dependencies": [
            "aws_vpc.app_vpc"
          ]
        }
      ]
    },
    {
      "mode": "managed",
      "type": "aws_transfer_server",
      "name": "sftp_server",
      "provider": "provider[\"registry.terraform.io/hashicorp/aws\"]",
      "instances": [
        {
          "schema_version": 0,
          "attributes": {
            "arn": "arn:aws:transfer:eu-west-3:302263080696:server/s-829e00432a5544be8",
            "certificate": "",
            "directory_id": "",
            "domain": "S3",
            "endpoint": "s-829e00432a5544be8.server.transfer.eu-west-3.amazonaws.com",
            "endpoint_details": [],
            "endpoint_type": "PUBLIC",
            "force_destroy": false,
            "function": "",
            "host_key": null,
            "host_key_fingerprint": "SHA256:zph2mRJZneFc+4E1s3hFsLfTzSet6XB5wu6L7sQTr3Y=",
            "id": "s-829e00432a5544be8",
            "identity_provider_type": "SERVICE_MANAGED",
            "invocation_role": "",
            "logging_role": "",
            "post_authentication_login_banner": "",
            "pre_authentication_login_banner": "",
            "protocol_details": [
              {
                "as2_transports": [],
                "passive_ip": "AUTO",
                "set_stat_option": "DEFAULT",
                "tls_session_resumption_mode": "ENFORCED"
              }
            ],
            "protocols": [
              "SFTP"
            ],
            "security_policy_name": "TransferSecurityPolicy-2018-11",
            "tags": {
              "Name": "SFTP Simulation Server"
            },
            "tags_all": {
              "Name": "SFTP Simulation Server"
            },
            "url": "",
            "workflow_details": []
          },
          "sensitive_attributes": [
            [
              {
                "type": "get_attr",
                "value": "post_authentication_login_banner"
              }
            ],
            [
              {
                "type": "get_attr",
                "value": "host_key"
              }
            ],
            [
              {
                "type": "get_attr",
                "value": "pre_authentication_login_banner"
              }
            ]
          ],
          "private": "bnVsbA=="
        }
      ]
    },
    {
      "mode": "managed",
      "type": "aws_transfer_ssh_key",
      "name": "sftp_user_key",
      "provider": "provider[\"registry.terraform.io/hashicorp/aws\"]",
      "instances": [
        {
          "schema_version": 0,
          "attributes": {
            "body": "ssh-rsa AAAAB3NzaC1yc2EAAAADAQABAAACAQDvORe/05kBJbGiWpt0qodJclwP+u2sziBrs9U8PAVFYsNNDgTMjCjxKZ/8x7kNMrojciniYNdJaLtZqvU6rFMoeAE+yd2OFv6fCaf2XPZunrtz1DMIPtiVoq9YY28HR1YSCMnX9MFj5gwzPttIHKhdVCJh4LLJNdsqUUGJb2EcX3xoplFwafDVNveoZ8FFSIVDpoTreB5GrpCVWpgq3MRGnapARAbyYaNA1pCqZXi+hbI38n1ZKl0JhFMyluSdHc71JSElYG0kvV5mEgcdk8fWOuMS8qCkM1hvPHhy41lO+X7VTkaCToMjKPu2XNVT74yplwTRZYQ3XhEeG7SDdCZdTsFwhou/r5/QYRbTgKmGICBHRpRhcjrwAfk+5KPxl4WuzjqDKYHIWzf8i/g8adJZcTor1tEbVWwEesoroNFIk6RhvuNYZsBchhJltGafkrUwef3WBV1p/GKMNFV+aycizBrVMQu8LHGs1ekBOcU//2ExHxg7oRzToJB5tAC70BZLGQaiG7H5/UZLpTENciDq9CE59dSU34ZVRPBivO5Ob0+0Yi0ydO4VQUQS5DitaAELyMXMwC0CxA87JSsO/h5phFhiJ3I87OjRxfkPk8D4wIIZ95rQsaqnCS9L4gr77/2sg9CmDZFervNYNLkvCqkfL/acwqKtMqnLjT6QUye7RQ==",
            "id": "s-829e00432a5544be8/sftp-sync-user/key-02c648bb7dc144b29",
            "server_id": "s-829e00432a5544be8",
            "user_name": "sftp-sync-user"
          },
          "sensitive_attributes": [],
          "private": "bnVsbA==",
          "dependencies": [
            "aws_iam_role.sftp_access_role",
            "aws_s3_bucket.sftp_source_bucket",
            "aws_transfer_server.sftp_server",
            "aws_transfer_user.sftp_user",
            "data.aws_iam_policy_document.assume_role",
            "random_id.bucket_suffix",
            "tls_private_key.sftp_key"
          ]
        }
      ]
    },
    {
      "mode": "managed",
      "type": "aws_transfer_user",
      "name": "sftp_user",
      "provider": "provider[\"registry.terraform.io/hashicorp/aws\"]",
      "instances": [
        {
          "schema_version": 0,
          "attributes": {
            "arn": "arn:aws:transfer:eu-west-3:302263080696:user/s-829e00432a5544be8/sftp-sync-user",
            "home_directory": "/sftp-source-bucket-5ff2c06d",
            "home_directory_mappings": [],
            "home_directory_type": "PATH",
            "id": "s-829e00432a5544be8/sftp-sync-user",
            "policy": "",
            "posix_profile": [],
            "role": "arn:aws:iam::302263080696:role/SftpAccessRole",
            "server_id": "s-829e00432a5544be8",
            "tags": {
              "Name": "SFTP Sync User"
            },
            "tags_all": {
              "Name": "SFTP Sync User"
            },
            "timeouts": null,
            "user_name": "sftp-sync-user"
          },
          "sensitive_attributes": [],
          "private": "eyJlMmJmYjczMC1lY2FhLTExZTYtOGY4OC0zNDM2M2JjN2M0YzAiOnsiZGVsZXRlIjo2MDAwMDAwMDAwMDB9fQ==",
          "dependencies": [
            "aws_iam_role.sftp_access_role",
            "aws_s3_bucket.sftp_source_bucket",
            "aws_transfer_server.sftp_server",
            "data.aws_iam_policy_document.assume_role",
            "random_id.bucket_suffix"
          ]
        }
      ]
    },
    {
      "mode": "managed",
      "type": "aws_vpc",
      "name": "app_vpc",
      "provider": "provider[\"registry.terraform.io/hashicorp/aws\"]",
      "instances": [
        {
          "schema_version": 1,
          "attributes": {
            "arn": "arn:aws:ec2:eu-west-3:302263080696:vpc/vpc-009c1bc51c87857f4",
            "assign_generated_ipv6_cidr_block": false,
            "cidr_block": "10.0.0.0/16",
            "default_network_acl_id": "acl-0c06844721c2b197e",
            "default_route_table_id": "rtb-04f7feabb216e4197",
            "default_security_group_id": "sg-085ee6bc5fb7f763c",
            "dhcp_options_id": "dopt-062018228e88c1a17",
            "enable_classiclink": false,
            "enable_classiclink_dns_support": false,
            "enable_dns_hostnames": true,
            "enable_dns_support": true,
            "enable_network_address_usage_metrics": false,
            "id": "vpc-009c1bc51c87857f4",
            "instance_tenancy": "default",
            "ipv4_ipam_pool_id": null,
            "ipv4_netmask_length": null,
            "ipv6_association_id": "",
            "ipv6_cidr_block": "",
            "ipv6_cidr_block_network_border_group": "",
            "ipv6_ipam_pool_id": "",
            "ipv6_netmask_length": 0,
            "main_route_table_id": "rtb-04f7feabb216e4197",
            "owner_id": "302263080696",
            "tags": {
              "Name": "app-vpc"
            },
            "tags_all": {
              "Name": "app-vpc"
            }
          },
          "sensitive_attributes": [],
          "private": "eyJzY2hlbWFfdmVyc2lvbiI6IjEifQ=="
        }
      ]
    },
    {
      "mode": "managed",
      "type": "random_id",
      "name": "bucket_suffix",
      "provider": "provider[\"registry.terraform.io/hashicorp/random\"]",
      "instances": [
        {
          "schema_version": 0,
          "attributes": {
            "b64_std": "X/LAbQ==",
            "b64_url": "X_LAbQ",
            "byte_length": 4,
            "dec": "1609744493",
            "hex": "5ff2c06d",
            "id": "X_LAbQ",
            "keepers": null,
            "prefix": null
          },
          "sensitive_attributes": []
        }
      ]
    },
    {
      "mode": "managed",
      "type": "tls_private_key",
      "name": "sftp_key",
      "provider": "provider[\"registry.terraform.io/hashicorp/tls\"]",
      "instances": [
        {
          "schema_version": 1,
          "attributes": {
            "algorithm": "RSA",
            "ecdsa_curve": "P224",
            "id": "10023af1d758fdab169c65319ef1a2fe9fb36c6f",
            "private_key_openssh": "-----BEGIN OPENSSH PRIVATE KEY-----\nb3BlbnNzaC1rZXktdjEAAAAABG5vbmUAAAAEbm9uZQAAAAAAAAABAAACFwAAAAdz\nc2gtcnNhAAAAAwEAAQAAAgEA7zkXv9OZASWxolqbdKqHSXJcD/rtrM4ga7PVPDwF\nRWLDTQ4EzIwo8Smf/Me5DTK6I3Ip4mDXSWi7War1OqxTKHgBPsndjhb+nwmn9lz2\nbp67c9QzCD7YlaKvWGNvB0dWEgjJ1/TBY+YMMz7bSByoXVQiYeCyyTXbKlFBiW9h\nHF98aKZRcGnw1Tb3qGfBRUiFQ6aE63geRq6QlVqYKtzERp2qQEQG8mGjQNaQqmV4\nvoWyN/J9WSpdCYRTMpbknR3O9SUhJWBtJL1eZhIHHZPH1jrjEvKgpDNYbzx4cuNZ\nTvl+1U5Ggk6DIyj7tlzVU++MqZcE0WWEN14RHhu0g3QmXU7BcIaLv6+f0GEW04Cp\nhiAgR0aUYXI68AH5PuSj8ZeFrs46gymByFs3/Iv4PGnSWXE6K9bRG1VsBHrKK6DR\nSJOkYb7jWGbAXIYSZbRmn5K1MHn91gVdafxijDRVfmsnIswa1TELvCxxrNXpATnF\nP/9hMR8YO6Ec06CQebQAu9AWSxkGohux+f1GS6UxDXIg6vQhOfXUlN+GVUTwYrzu\nTm9PtGItMnTuFUFEEuQ4rWgBC8jFzMAtAsQPOyUrDv4eaYRYYidyPOzo0cX5D5PA\n+MCCGfea0LGqpwkvS+IK++/9rIPQpg2RXq7zWDS5LwqpHy/2nMKirTKpy40+kFMn\nu0UAAAc46Z21eumdtXoAAAAHc3NoLXJzYQAAAgEA7zkXv9OZASWxolqbdKqHSXJc\nD/rtrM4ga7PVPDwFRWLDTQ4EzIwo8Smf/Me5DTK6I3Ip4mDXSWi7War1OqxTKHgB\nPsndjhb+nwmn9lz2bp67c9QzCD7YlaKvWGNvB0dWEgjJ1/TBY+YMMz7bSByoXVQi\nYeCyyTXbKlFBiW9hHF98aKZRcGnw1Tb3qGfBRUiFQ6aE63geRq6QlVqYKtzERp2q\nQEQG8mGjQNaQqmV4voWyN/J9WSpdCYRTMpbknR3O9SUhJWBtJL1eZhIHHZPH1jrj\nEvKgpDNYbzx4cuNZTvl+1U5Ggk6DIyj7tlzVU++MqZcE0WWEN14RHhu0g3QmXU7B\ncIaLv6+f0GEW04CphiAgR0aUYXI68AH5PuSj8ZeFrs46gymByFs3/Iv4PGnSWXE6\nK9bRG1VsBHrKK6DRSJOkYb7jWGbAXIYSZbRmn5K1MHn91gVdafxijDRVfmsnIswa\n1TELvCxxrNXpATnFP/9hMR8YO6Ec06CQebQAu9AWSxkGohux+f1GS6UxDXIg6vQh\nOfXUlN+GVUTwYrzuTm9PtGItMnTuFUFEEuQ4rWgBC8jFzMAtAsQPOyUrDv4eaYRY\nYidyPOzo0cX5D5PA+MCCGfea0LGqpwkvS+IK++/9rIPQpg2RXq7zWDS5LwqpHy/2\nnMKirTKpy40+kFMnu0UAAAADAQABAAACADky14DgYTcrAhwlugHdPFfNZkHT57xn\n1MyrxRKP71q10Ki971vRL4DqSPyx7IdBV8xd4bHlIdTFm/ZGsDgFOCT2/KU8syLk\nUKFKN8TqWWn9vihl1oXkMPkmWvKxY7zDy8qoG0rtlMgEG2qtXtURNRiLo2Tvyw/d\nNrgZkagA36FfG2oSSmqsig8RA4patJWST3rrd+Ctad/QoXV0oemtu6h+zlRrb5XI\nzrYUF6cGeCZl5UUHT/1f6br6zsHL3oHKvM9Uv2YmdjJQrR+Os/DYgvGwRtci+FIK\njNycAtjFj3cYpMDv5GAH0cc4Z2clL0TQhDuQhnBi64gpj8I5MaI0xW8Xq+UeAxW2\nCKmOu1swRL2D1XZ8Fe38AHSnGKy5fxDf9krEVYx93ZxnVicG3etI9bI5kBkK4tKp\nFNS4CTH2lHMTI3N2CVX/bByVPaDzWRA8FG2wj0mPTJt2f6gxvac2EPT6KWS+A3Eu\nQXQydCLs3GASQu4e7rWpF2rTkzeIvs3PSPWkP5Oq1vgl98GR2YCyHzD3/2EjzfJW\nuWlwDlvhtP78LLHiEzOCaZcNxF1rB73Fv+wWhFN31178zxJxuo0gGeBHK8Hpopc4\n5JgceHoggyLIEzeXvBwmqLNs/EFVlTzCHJltmH39WlDBUKI9ivlkyOr3U3GwIn5e\naZu/9plTe2qJAAABAB1NZFxFEl2EvpMD+5yN9VImCP/MC0BubFkYbOmu8lnSEdmE\n8jVgzwilNYx3RYADxocOSklHRN0vfwXuJwHWaOJeZqC6yBR50y+QUlbOulyLIMhR\npUyDzm7sn+AduBW3Myrm/boflrCcygsHwkEa49HY/4xPMT3vgr3eWoQG0GUuFwjb\nc9oT9GY9nYMiViIUZL/ew8qGneIAQQ+yekvuNbAD90ESkHy0y3P3XdM5QN3Htx1g\nW/NxqAGRnz6b2B87IKgFfInwlyyYdJa4FIM/PDG5u4hCHnrXmW5M3DFVOLa1ZM/z\nWyTUGZ0ulH7/70P28yNF2EeBM8A/qqKaUyn7hEQAAAEBAPfupRQp6LmWQXUHovwH\nKTNACeJGg3MxRa0eD6nG43wEl+7Wo9UOYG40KC9N7wdbo7boXvUS7D964Q5WCzrb\ni8dn8trBs2sgH86whcjlVxD2JE3sBbkryLfwhrq1qhOBjdpkyiQQdH+QN4ODZrYS\nFu1yU7W88CyfpALF/8PyGE2EB5Xvik6qSzMFgHchpLiBBm1qo4iz1HMWZ/LyU8Qh\nGSWAcMXFe2dBtjErD0k+uCFWERP0pF/HkJL1HCHM88djQ/RChUIDtKJs6tAtAGL+\nbrWoBIw9WKUs0onGpzWP2hejP7id1ZFeVx202sy7VBnmkuxjvxmO2AoBI5aNAAWz\nxVsAAAEBAPcB5ciSl/rurKHwpAbGiVo4MVevbieUMSa7TDV5ySYSUBtoK/4PMNJ5\ng9Y6t+t7ZUOcJ/5E+J6wxih+ScRheA8DTzSxNohiH77DXteS3l0CjjsVZ+Ua4GAR\nuFeD6Q/swt2LlcLXas4AbP3U1e6WbMKNQv833dZcxluHDUwxKnwGJJU0TghjWX7w\n+pif+2/hpb2AbamfS5p6k3nK5GWPBLc9X8vDu0ZP2PrNx4coNhOi4PwazhArC1TY\np6RvBHZMT4gcxaRvZowYn1qvOy+g3S18enbWqIY4dkVzUojCUrQHxHy/8JLOAAaW\nB89aHGxDH69Cmim+i6kRTtYUUNk4Q98AAAAAAQID\n-----END OPENSSH PRIVATE KEY-----\n",
            "private_key_pem": "-----BEGIN RSA PRIVATE KEY-----\nMIIJKAIBAAKCAgEA7zkXv9OZASWxolqbdKqHSXJcD/rtrM4ga7PVPDwFRWLDTQ4E\nzIwo8Smf/Me5DTK6I3Ip4mDXSWi7War1OqxTKHgBPsndjhb+nwmn9lz2bp67c9Qz\nCD7YlaKvWGNvB0dWEgjJ1/TBY+YMMz7bSByoXVQiYeCyyTXbKlFBiW9hHF98aKZR\ncGnw1Tb3qGfBRUiFQ6aE63geRq6QlVqYKtzERp2qQEQG8mGjQNaQqmV4voWyN/J9\nWSpdCYRTMpbknR3O9SUhJWBtJL1eZhIHHZPH1jrjEvKgpDNYbzx4cuNZTvl+1U5G\ngk6DIyj7tlzVU++MqZcE0WWEN14RHhu0g3QmXU7BcIaLv6+f0GEW04CphiAgR0aU\nYXI68AH5PuSj8ZeFrs46gymByFs3/Iv4PGnSWXE6K9bRG1VsBHrKK6DRSJOkYb7j\nWGbAXIYSZbRmn5K1MHn91gVdafxijDRVfmsnIswa1TELvCxxrNXpATnFP/9hMR8Y\nO6Ec06CQebQAu9AWSxkGohux+f1GS6UxDXIg6vQhOfXUlN+GVUTwYrzuTm9PtGIt\nMnTuFUFEEuQ4rWgBC8jFzMAtAsQPOyUrDv4eaYRYYidyPOzo0cX5D5PA+MCCGfea\n0LGqpwkvS+IK++/9rIPQpg2RXq7zWDS5LwqpHy/2nMKirTKpy40+kFMnu0UCAwEA\nAQKCAgA5MteA4GE3KwIcJboB3TxXzWZB0+e8Z9TMq8USj+9atdCove9b0S+A6kj8\nseyHQVfMXeGx5SHUxZv2RrA4BTgk9vylPLMi5FChSjfE6llp/b4oZdaF5DD5Jlry\nsWO8w8vKqBtK7ZTIBBtqrV7VETUYi6Nk78sP3Ta4GZGoAN+hXxtqEkpqrIoPEQOK\nWrSVkk9663fgrWnf0KF1dKHprbuofs5Ua2+VyM62FBenBngmZeVFB0/9X+m6+s7B\ny96ByrzPVL9mJnYyUK0fjrPw2ILxsEbXIvhSCozcnALYxY93GKTA7+RgB9HHOGdn\nJS9E0IQ7kIZwYuuIKY/COTGiNMVvF6vlHgMVtgipjrtbMES9g9V2fBXt/AB0pxis\nuX8Q3/ZKxFWMfd2cZ1YnBt3rSPWyOZAZCuLSqRTUuAkx9pRzEyNzdglV/2wclT2g\n81kQPBRtsI9Jj0ybdn+oMb2nNhD0+ilkvgNxLkF0MnQi7NxgEkLuHu61qRdq05M3\niL7Nz0j1pD+Tqtb4JffBkdmAsh8w9/9hI83yVrlpcA5b4bT+/Cyx4hMzgmmXDcRd\nawe9xb/sFoRTd9de/M8ScbqNIBngRyvB6aKXOOSYHHh6IIMiyBM3l7wcJqizbPxB\nVZU8whyZbZh9/VpQwVCiPYr5ZMjq91NxsCJ+Xmmbv/aZU3tqiQKCAQEA9+6lFCno\nuZZBdQei/AcpM0AJ4kaDczFFrR4PqcbjfASX7taj1Q5gbjQoL03vB1ujtuhe9RLs\nP3rhDlYLOtuLx2fy2sGzayAfzrCFyOVXEPYkTewFuSvIt/CGurWqE4GN2mTKJBB0\nf5A3g4NmthIW7XJTtbzwLJ+kAsX/w/IYTYQHle+KTqpLMwWAdyGkuIEGbWqjiLPU\ncxZn8vJTxCEZJYBwxcV7Z0G2MSsPST64IVYRE/SkX8eQkvUcIczzx2ND9EKFQgO0\nomzq0C0AYv5utagEjD1YpSzSicanNY/aF6M/uJ3VkV5XHbTazLtUGeaS7GO/GY7Y\nCgEjlo0ABbPFWwKCAQEA9wHlyJKX+u6sofCkBsaJWjgxV69uJ5QxJrtMNXnJJhJQ\nG2gr/g8w0nmD1jq363tlQ5wn/kT4nrDGKH5JxGF4DwNPNLE2iGIfvsNe15LeXQKO\nOxVn5RrgYBG4V4PpD+zC3YuVwtdqzgBs/dTV7pZswo1C/zfd1lzGW4cNTDEqfAYk\nlTROCGNZfvD6mJ/7b+GlvYBtqZ9LmnqTecrkZY8Etz1fy8O7Rk/Y+s3Hhyg2E6Lg\n/BrOECsLVNinpG8EdkxPiBzFpG9mjBifWq87L6DdLXx6dtaohjh2RXNSiMJStAfE\nfL/wks4ABpYHz1ocbEMfr0KaKb6LqRFO1hRQ2ThD3wKCAQBTSdgq7elAbzmOFwKp\np74veVPYr9d42xSNE4wvfKDvCJwBoBlpeWrrmpnlSkkCL8bPq0A7FCBJMv5n0n/z\nRc2vLzxmQKwFUMVeqe5HjsOw7v9DLga+Lfc/041vK5f29Y6xzyoY824vbEM56uqW\nP310RvPYGaCVXQu74sgJC0sevzvNIqtTweGBQlflrWeok6+VEj3drouwHdbNxppd\nSMEp1/wKdE0AYxLRcaWw9WDl0gPqsESH6IKo266XrEI4uSAa7j3V72i/J9e6F2QJ\n3W9Tlx3v/qvI0UXpAtMpKyoYxr6hRmR4cTjSwe6+2C9ohAzXXKrV6yaoNbm+2Z8o\nSzwBAoIBAQCTFZUv72MCsHcp4zK5OiX2DDoNndA5TzxJdQR3X3LQ8dyzxT9VBNSs\nsGE6AzMbzRnKvcTu20E0tcz5teHVR7kHL5BNryzq34tJu+rQ8Yrp1ai+NAvu2Cc9\n7a9YpZr1uaV76S+fm0jlLEm6iK9vaDGRVC7N7QVzLUGMpQndEfXbbokAM+o3gnl7\nZqHCmplN0Q8xnbUvaUTK0yzYPGHuu9AyESDnJEFzJ/7rsfebWu2Amd/hH1EPPaJ8\nvpptBxKgIubFBWUHerKUv+C8TlYvEVpDSLlf5Ijri9mZl4dRGm3G+E0ff+gQcwx+\n3339EgqUyQ+n/D/ylZ1yanUIc4aFIsT/AoIBAB1NZFxFEl2EvpMD+5yN9VImCP/M\nC0BubFkYbOmu8lnSEdmE8jVgzwilNYx3RYADxocOSklHRN0vfwXuJwHWaOJeZqC6\nyBR50y+QUlbOulyLIMhRpUyDzm7sn+AduBW3Myrm/boflrCcygsHwkEa49HY/4xP\nMT3vgr3eWoQG0GUuFwjbc9oT9GY9nYMiViIUZL/ew8qGneIAQQ+yekvuNbAD90ES\nkHy0y3P3XdM5QN3Htx1gW/NxqAGRnz6b2B87IKgFfInwlyyYdJa4FIM/PDG5u4hC\nHnrXmW5M3DFVOLa1ZM/zWyTUGZ0ulH7/70P28yNF2EeBM8A/qqKaUyn7hEQ=\n-----END RSA PRIVATE KEY-----\n",
            "private_key_pem_pkcs8": "-----BEGIN PRIVATE KEY-----\nMIIJQgIBADANBgkqhkiG9w0BAQEFAASCCSwwggkoAgEAAoICAQDvORe/05kBJbGi\nWpt0qodJclwP+u2sziBrs9U8PAVFYsNNDgTMjCjxKZ/8x7kNMrojciniYNdJaLtZ\nqvU6rFMoeAE+yd2OFv6fCaf2XPZunrtz1DMIPtiVoq9YY28HR1YSCMnX9MFj5gwz\nPttIHKhdVCJh4LLJNdsqUUGJb2EcX3xoplFwafDVNveoZ8FFSIVDpoTreB5GrpCV\nWpgq3MRGnapARAbyYaNA1pCqZXi+hbI38n1ZKl0JhFMyluSdHc71JSElYG0kvV5m\nEgcdk8fWOuMS8qCkM1hvPHhy41lO+X7VTkaCToMjKPu2XNVT74yplwTRZYQ3XhEe\nG7SDdCZdTsFwhou/r5/QYRbTgKmGICBHRpRhcjrwAfk+5KPxl4WuzjqDKYHIWzf8\ni/g8adJZcTor1tEbVWwEesoroNFIk6RhvuNYZsBchhJltGafkrUwef3WBV1p/GKM\nNFV+aycizBrVMQu8LHGs1ekBOcU//2ExHxg7oRzToJB5tAC70BZLGQaiG7H5/UZL\npTENciDq9CE59dSU34ZVRPBivO5Ob0+0Yi0ydO4VQUQS5DitaAELyMXMwC0CxA87\nJSsO/h5phFhiJ3I87OjRxfkPk8D4wIIZ95rQsaqnCS9L4gr77/2sg9CmDZFervNY\nNLkvCqkfL/acwqKtMqnLjT6QUye7RQIDAQABAoICADky14DgYTcrAhwlugHdPFfN\nZkHT57xn1MyrxRKP71q10Ki971vRL4DqSPyx7IdBV8xd4bHlIdTFm/ZGsDgFOCT2\n/KU8syLkUKFKN8TqWWn9vihl1oXkMPkmWvKxY7zDy8qoG0rtlMgEG2qtXtURNRiL\no2Tvyw/dNrgZkagA36FfG2oSSmqsig8RA4patJWST3rrd+Ctad/QoXV0oemtu6h+\nzlRrb5XIzrYUF6cGeCZl5UUHT/1f6br6zsHL3oHKvM9Uv2YmdjJQrR+Os/DYgvGw\nRtci+FIKjNycAtjFj3cYpMDv5GAH0cc4Z2clL0TQhDuQhnBi64gpj8I5MaI0xW8X\nq+UeAxW2CKmOu1swRL2D1XZ8Fe38AHSnGKy5fxDf9krEVYx93ZxnVicG3etI9bI5\nkBkK4tKpFNS4CTH2lHMTI3N2CVX/bByVPaDzWRA8FG2wj0mPTJt2f6gxvac2EPT6\nKWS+A3EuQXQydCLs3GASQu4e7rWpF2rTkzeIvs3PSPWkP5Oq1vgl98GR2YCyHzD3\n/2EjzfJWuWlwDlvhtP78LLHiEzOCaZcNxF1rB73Fv+wWhFN31178zxJxuo0gGeBH\nK8Hpopc45JgceHoggyLIEzeXvBwmqLNs/EFVlTzCHJltmH39WlDBUKI9ivlkyOr3\nU3GwIn5eaZu/9plTe2qJAoIBAQD37qUUKei5lkF1B6L8BykzQAniRoNzMUWtHg+p\nxuN8BJfu1qPVDmBuNCgvTe8HW6O26F71Euw/euEOVgs624vHZ/LawbNrIB/OsIXI\n5VcQ9iRN7AW5K8i38Ia6taoTgY3aZMokEHR/kDeDg2a2EhbtclO1vPAsn6QCxf/D\n8hhNhAeV74pOqkszBYB3IaS4gQZtaqOIs9RzFmfy8lPEIRklgHDFxXtnQbYxKw9J\nPrghVhET9KRfx5CS9RwhzPPHY0P0QoVCA7SibOrQLQBi/m61qASMPVilLNKJxqc1\nj9oXoz+4ndWRXlcdtNrMu1QZ5pLsY78ZjtgKASOWjQAFs8VbAoIBAQD3AeXIkpf6\n7qyh8KQGxolaODFXr24nlDEmu0w1eckmElAbaCv+DzDSeYPWOrfre2VDnCf+RPie\nsMYofknEYXgPA080sTaIYh++w17Xkt5dAo47FWflGuBgEbhXg+kP7MLdi5XC12rO\nAGz91NXulmzCjUL/N93WXMZbhw1MMSp8BiSVNE4IY1l+8PqYn/tv4aW9gG2pn0ua\nepN5yuRljwS3PV/Lw7tGT9j6zceHKDYTouD8Gs4QKwtU2KekbwR2TE+IHMWkb2aM\nGJ9arzsvoN0tfHp21qiGOHZFc1KIwlK0B8R8v/CSzgAGlgfPWhxsQx+vQpopvoup\nEU7WFFDZOEPfAoIBAFNJ2Crt6UBvOY4XAqmnvi95U9iv13jbFI0TjC98oO8InAGg\nGWl5auuameVKSQIvxs+rQDsUIEky/mfSf/NFza8vPGZArAVQxV6p7keOw7Du/0Mu\nBr4t9z/TjW8rl/b1jrHPKhjzbi9sQznq6pY/fXRG89gZoJVdC7viyAkLSx6/O80i\nq1PB4YFCV+WtZ6iTr5USPd2ui7Ad1s3Gml1IwSnX/Ap0TQBjEtFxpbD1YOXSA+qw\nRIfogqjbrpesQji5IBruPdXvaL8n17oXZAndb1OXHe/+q8jRRekC0ykrKhjGvqFG\nZHhxONLB7r7YL2iEDNdcqtXrJqg1ub7ZnyhLPAECggEBAJMVlS/vYwKwdynjMrk6\nJfYMOg2d0DlPPEl1BHdfctDx3LPFP1UE1KywYToDMxvNGcq9xO7bQTS1zPm14dVH\nuQcvkE2vLOrfi0m76tDxiunVqL40C+7YJz3tr1ilmvW5pXvpL5+bSOUsSbqIr29o\nMZFULs3tBXMtQYylCd0R9dtuiQAz6jeCeXtmocKamU3RDzGdtS9pRMrTLNg8Ye67\n0DIRIOckQXMn/uux95ta7YCZ3+EfUQ89ony+mm0HEqAi5sUFZQd6spS/4LxOVi8R\nWkNIuV/kiOuL2ZmXh1Eabcb4TR9/6BBzDH7fff0SCpTJD6f8P/KVnXJqdQhzhoUi\nxP8CggEAHU1kXEUSXYS+kwP7nI31UiYI/8wLQG5sWRhs6a7yWdIR2YTyNWDPCKU1\njHdFgAPGhw5KSUdE3S9/Be4nAdZo4l5moLrIFHnTL5BSVs66XIsgyFGlTIPObuyf\n4B24FbczKub9uh+WsJzKCwfCQRrj0dj/jE8xPe+Cvd5ahAbQZS4XCNtz2hP0Zj2d\ngyJWIhRkv97Dyoad4gBBD7J6S+41sAP3QRKQfLTLc/dd0zlA3ce3HWBb83GoAZGf\nPpvYHzsgqAV8ifCXLJh0lrgUgz88Mbm7iEIeeteZbkzcMVU4trVkz/NbJNQZnS6U\nfv/vQ/bzI0XYR4EzwD+qoppTKfuERA==\n-----END PRIVATE KEY-----\n",
            "public_key_fingerprint_md5": "77:57:4d:c0:6a:38:5e:54:41:17:80:14:41:b2:cb:df",
            "public_key_fingerprint_sha256": "SHA256:a/WjVLp/JlE0kh7UtmqjXnYBTmaAozy20dOpPDAoEQY",
            "public_key_openssh": "ssh-rsa AAAAB3NzaC1yc2EAAAADAQABAAACAQDvORe/05kBJbGiWpt0qodJclwP+u2sziBrs9U8PAVFYsNNDgTMjCjxKZ/8x7kNMrojciniYNdJaLtZqvU6rFMoeAE+yd2OFv6fCaf2XPZunrtz1DMIPtiVoq9YY28HR1YSCMnX9MFj5gwzPttIHKhdVCJh4LLJNdsqUUGJb2EcX3xoplFwafDVNveoZ8FFSIVDpoTreB5GrpCVWpgq3MRGnapARAbyYaNA1pCqZXi+hbI38n1ZKl0JhFMyluSdHc71JSElYG0kvV5mEgcdk8fWOuMS8qCkM1hvPHhy41lO+X7VTkaCToMjKPu2XNVT74yplwTRZYQ3XhEeG7SDdCZdTsFwhou/r5/QYRbTgKmGICBHRpRhcjrwAfk+5KPxl4WuzjqDKYHIWzf8i/g8adJZcTor1tEbVWwEesoroNFIk6RhvuNYZsBchhJltGafkrUwef3WBV1p/GKMNFV+aycizBrVMQu8LHGs1ekBOcU//2ExHxg7oRzToJB5tAC70BZLGQaiG7H5/UZLpTENciDq9CE59dSU34ZVRPBivO5Ob0+0Yi0ydO4VQUQS5DitaAELyMXMwC0CxA87JSsO/h5phFhiJ3I87OjRxfkPk8D4wIIZ95rQsaqnCS9L4gr77/2sg9CmDZFervNYNLkvCqkfL/acwqKtMqnLjT6QUye7RQ==\n",
            "public_key_pem": "-----BEGIN PUBLIC KEY-----\nMIICIjANBgkqhkiG9w0BAQEFAAOCAg8AMIICCgKCAgEA7zkXv9OZASWxolqbdKqH\nSXJcD/rtrM4ga7PVPDwFRWLDTQ4EzIwo8Smf/Me5DTK6I3Ip4mDXSWi7War1OqxT\nKHgBPsndjhb+nwmn9lz2bp67c9QzCD7YlaKvWGNvB0dWEgjJ1/TBY+YMMz7bSByo\nXVQiYeCyyTXbKlFBiW9hHF98aKZRcGnw1Tb3qGfBRUiFQ6aE63geRq6QlVqYKtzE\nRp2qQEQG8mGjQNaQqmV4voWyN/J9WSpdCYRTMpbknR3O9SUhJWBtJL1eZhIHHZPH\n1jrjEvKgpDNYbzx4cuNZTvl+1U5Ggk6DIyj7tlzVU++MqZcE0WWEN14RHhu0g3Qm\nXU7BcIaLv6+f0GEW04CphiAgR0aUYXI68AH5PuSj8ZeFrs46gymByFs3/Iv4PGnS\nWXE6K9bRG1VsBHrKK6DRSJOkYb7jWGbAXIYSZbRmn5K1MHn91gVdafxijDRVfmsn\nIswa1TELvCxxrNXpATnFP/9hMR8YO6Ec06CQebQAu9AWSxkGohux+f1GS6UxDXIg\n6vQhOfXUlN+GVUTwYrzuTm9PtGItMnTuFUFEEuQ4rWgBC8jFzMAtAsQPOyUrDv4e\naYRYYidyPOzo0cX5D5PA+MCCGfea0LGqpwkvS+IK++/9rIPQpg2RXq7zWDS5Lwqp\nHy/2nMKirTKpy40+kFMnu0UCAwEAAQ==\n-----END PUBLIC KEY-----\n",
            "rsa_bits": 4096
          },
          "sensitive_attributes": [
            [
              {
                "type": "get_attr",
                "value": "private_key_pem_pkcs8"
              }
            ],
            [
              {
                "type": "get_attr",
                "value": "private_key_pem"
              }
            ],
            [
              {
                "type": "get_attr",
                "value": "private_key_openssh"
              }
            ]
          ]
        }
      ]
    }
  ],
  "check_results": null
}
